
Microsoft Visual Studio Solution File, Format Version 12.00
#
Project("{FAE04EC0-301F-11D3-BF4B-00C04F79EFBC}") = "Fedinaut", "Fedinaut\Fedinaut.csproj", "{5A28ECD7-5431-4019-8CF0-1627A2BFEF3B}"
EndProject
Project("{2150E333-8FDC-42A3-9474-1A3956D46DE8}") = "gir.core", "gir.core", "{03CF05B4-1C40-4654-96BF-E4E597C848FA}"
EndProject
Project("{FAE04EC0-301F-11D3-BF4B-00C04F79EFBC}") = "Gtk-4.0", "ext\gir.core\src\Libs\Gtk-4.0\Gtk-4.0.csproj", "{F06D01D4-11FD-4FA6-8319-1BF45FE6124C}"
EndProject
Project("{FAE04EC0-301F-11D3-BF4B-00C04F79EFBC}") = "Gio-2.0", "ext\gir.core\src\Libs\Gio-2.0\Gio-2.0.csproj", "{F552CB07-D7E7-461E-AC40-840F7E0DCF65}"
EndProject
Project("{FAE04EC0-301F-11D3-BF4B-00C04F79EFBC}") = "GObject-2.0", "ext\gir.core\src\Libs\GObject-2.0\GObject-2.0.csproj", "{99208EC0-B1B0-41A7-B17E-F3C8642A2EA1}"
EndProject
Project("{FAE04EC0-301F-11D3-BF4B-00C04F79EFBC}") = "GLib-2.0", "ext\gir.core\src\Libs\GLib-2.0\GLib-2.0.csproj", "{85F4FD0A-1FF0-4350-9DC5-8DEFFDE53858}"
EndProject
Project("{FAE04EC0-301F-11D3-BF4B-00C04F79EFBC}") = "cairo-1.0", "ext\gir.core\src\Libs\cairo-1.0\cairo-1.0.csproj", "{18B42A95-FE39-4FFC-9CCE-37F714FAD6DF}"
EndProject
Project("{FAE04EC0-301F-11D3-BF4B-00C04F79EFBC}") = "Gdk-4.0", "ext\gir.core\src\Libs\Gdk-4.0\Gdk-4.0.csproj", "{A061930A-D2EF-4C05-8417-49BF32BD6A6A}"
EndProject
Project("{FAE04EC0-301F-11D3-BF4B-00C04F79EFBC}") = "GdkPixbuf-2.0", "ext\gir.core\src\Libs\GdkPixbuf-2.0\GdkPixbuf-2.0.csproj", "{77FE21B9-9F21-4524-AF9E-5BAFB12C799D}"
EndProject
Project("{FAE04EC0-301F-11D3-BF4B-00C04F79EFBC}") = "Graphene-1.0", "ext\gir.core\src\Libs\Graphene-1.0\Graphene-1.0.csproj", "{CD915FA7-213F-40A6-8482-A6ED6CD3375D}"
EndProject
Project("{FAE04EC0-301F-11D3-BF4B-00C04F79EFBC}") = "Gsk-4.0", "ext\gir.core\src\Libs\Gsk-4.0\Gsk-4.0.csproj", "{569E4786-2B86-44A1-88AD-7B620F45FD75}"
EndProject
Project("{FAE04EC0-301F-11D3-BF4B-00C04F79EFBC}") = "HarfBuzz-0.0", "ext\gir.core\src\Libs\HarfBuzz-0.0\HarfBuzz-0.0.csproj", "{88E0632D-9AEB-422E-9BAB-D68525951D0A}"
EndProject
Project("{FAE04EC0-301F-11D3-BF4B-00C04F79EFBC}") = "Pango-1.0", "ext\gir.core\src\Libs\Pango-1.0\Pango-1.0.csproj", "{782AFD5E-50AF-43FA-9C68-8A8355EA8FEA}"
EndProject
Global
	GlobalSection(SolutionConfigurationPlatforms) = preSolution
		Debug|Any CPU = Debug|Any CPU
		Release|Any CPU = Release|Any CPU
	EndGlobalSection
	GlobalSection(ProjectConfigurationPlatforms) = postSolution
		{5A28ECD7-5431-4019-8CF0-1627A2BFEF3B}.Debug|Any CPU.ActiveCfg = Debug|Any CPU
		{5A28ECD7-5431-4019-8CF0-1627A2BFEF3B}.Debug|Any CPU.Build.0 = Debug|Any CPU
		{5A28ECD7-5431-4019-8CF0-1627A2BFEF3B}.Release|Any CPU.ActiveCfg = Release|Any CPU
		{5A28ECD7-5431-4019-8CF0-1627A2BFEF3B}.Release|Any CPU.Build.0 = Release|Any CPU
		{F06D01D4-11FD-4FA6-8319-1BF45FE6124C}.Debug|Any CPU.ActiveCfg = Debug|Any CPU
		{F06D01D4-11FD-4FA6-8319-1BF45FE6124C}.Debug|Any CPU.Build.0 = Debug|Any CPU
		{F06D01D4-11FD-4FA6-8319-1BF45FE6124C}.Release|Any CPU.ActiveCfg = Release|Any CPU
		{F06D01D4-11FD-4FA6-8319-1BF45FE6124C}.Release|Any CPU.Build.0 = Release|Any CPU
		{F552CB07-D7E7-461E-AC40-840F7E0DCF65}.Debug|Any CPU.ActiveCfg = Debug|Any CPU
		{F552CB07-D7E7-461E-AC40-840F7E0DCF65}.Debug|Any CPU.Build.0 = Debug|Any CPU
		{F552CB07-D7E7-461E-AC40-840F7E0DCF65}.Release|Any CPU.ActiveCfg = Release|Any CPU
		{F552CB07-D7E7-461E-AC40-840F7E0DCF65}.Release|Any CPU.Build.0 = Release|Any CPU
		{99208EC0-B1B0-41A7-B17E-F3C8642A2EA1}.Debug|Any CPU.ActiveCfg = Debug|Any CPU
		{99208EC0-B1B0-41A7-B17E-F3C8642A2EA1}.Debug|Any CPU.Build.0 = Debug|Any CPU
		{99208EC0-B1B0-41A7-B17E-F3C8642A2EA1}.Release|Any CPU.ActiveCfg = Release|Any CPU
		{99208EC0-B1B0-41A7-B17E-F3C8642A2EA1}.Release|Any CPU.Build.0 = Release|Any CPU
		{85F4FD0A-1FF0-4350-9DC5-8DEFFDE53858}.Debug|Any CPU.ActiveCfg = Debug|Any CPU
		{85F4FD0A-1FF0-4350-9DC5-8DEFFDE53858}.Debug|Any CPU.Build.0 = Debug|Any CPU
		{85F4FD0A-1FF0-4350-9DC5-8DEFFDE53858}.Release|Any CPU.ActiveCfg = Release|Any CPU
		{85F4FD0A-1FF0-4350-9DC5-8DEFFDE53858}.Release|Any CPU.Build.0 = Release|Any CPU
		{18B42A95-FE39-4FFC-9CCE-37F714FAD6DF}.Debug|Any CPU.ActiveCfg = Debug|Any CPU
		{18B42A95-FE39-4FFC-9CCE-37F714FAD6DF}.Debug|Any CPU.Build.0 = Debug|Any CPU
		{18B42A95-FE39-4FFC-9CCE-37F714FAD6DF}.Release|Any CPU.ActiveCfg = Release|Any CPU
		{18B42A95-FE39-4FFC-9CCE-37F714FAD6DF}.Release|Any CPU.Build.0 = Release|Any CPU
		{A061930A-D2EF-4C05-8417-49BF32BD6A6A}.Debug|Any CPU.ActiveCfg = Debug|Any CPU
		{A061930A-D2EF-4C05-8417-49BF32BD6A6A}.Debug|Any CPU.Build.0 = Debug|Any CPU
		{A061930A-D2EF-4C05-8417-49BF32BD6A6A}.Release|Any CPU.ActiveCfg = Release|Any CPU
		{A061930A-D2EF-4C05-8417-49BF32BD6A6A}.Release|Any CPU.Build.0 = Release|Any CPU
		{77FE21B9-9F21-4524-AF9E-5BAFB12C799D}.Debug|Any CPU.ActiveCfg = Debug|Any CPU
		{77FE21B9-9F21-4524-AF9E-5BAFB12C799D}.Debug|Any CPU.Build.0 = Debug|Any CPU
		{77FE21B9-9F21-4524-AF9E-5BAFB12C799D}.Release|Any CPU.ActiveCfg = Release|Any CPU
		{77FE21B9-9F21-4524-AF9E-5BAFB12C799D}.Release|Any CPU.Build.0 = Release|Any CPU
		{CD915FA7-213F-40A6-8482-A6ED6CD3375D}.Debug|Any CPU.ActiveCfg = Debug|Any CPU
		{CD915FA7-213F-40A6-8482-A6ED6CD3375D}.Debug|Any CPU.Build.0 = Debug|Any CPU
		{CD915FA7-213F-40A6-8482-A6ED6CD3375D}.Release|Any CPU.ActiveCfg = Release|Any CPU
		{CD915FA7-213F-40A6-8482-A6ED6CD3375D}.Release|Any CPU.Build.0 = Release|Any CPU
		{569E4786-2B86-44A1-88AD-7B620F45FD75}.Debug|Any CPU.ActiveCfg = Debug|Any CPU
		{569E4786-2B86-44A1-88AD-7B620F45FD75}.Debug|Any CPU.Build.0 = Debug|Any CPU
		{569E4786-2B86-44A1-88AD-7B620F45FD75}.Release|Any CPU.ActiveCfg = Release|Any CPU
		{569E4786-2B86-44A1-88AD-7B620F45FD75}.Release|Any CPU.Build.0 = Release|Any CPU
		{88E0632D-9AEB-422E-9BAB-D68525951D0A}.Debug|Any CPU.ActiveCfg = Debug|Any CPU
		{88E0632D-9AEB-422E-9BAB-D68525951D0A}.Debug|Any CPU.Build.0 = Debug|Any CPU
		{88E0632D-9AEB-422E-9BAB-D68525951D0A}.Release|Any CPU.ActiveCfg = Release|Any CPU
		{88E0632D-9AEB-422E-9BAB-D68525951D0A}.Release|Any CPU.Build.0 = Release|Any CPU
		{782AFD5E-50AF-43FA-9C68-8A8355EA8FEA}.Debug|Any CPU.ActiveCfg = Debug|Any CPU
		{782AFD5E-50AF-43FA-9C68-8A8355EA8FEA}.Debug|Any CPU.Build.0 = Debug|Any CPU
		{782AFD5E-50AF-43FA-9C68-8A8355EA8FEA}.Release|Any CPU.ActiveCfg = Release|Any CPU
		{782AFD5E-50AF-43FA-9C68-8A8355EA8FEA}.Release|Any CPU.Build.0 = Release|Any CPU
	EndGlobalSection
	GlobalSection(NestedProjects) = preSolution
		{F06D01D4-11FD-4FA6-8319-1BF45FE6124C} = {03CF05B4-1C40-4654-96BF-E4E597C848FA}
		{F552CB07-D7E7-461E-AC40-840F7E0DCF65} = {03CF05B4-1C40-4654-96BF-E4E597C848FA}
		{99208EC0-B1B0-41A7-B17E-F3C8642A2EA1} = {03CF05B4-1C40-4654-96BF-E4E597C848FA}
		{85F4FD0A-1FF0-4350-9DC5-8DEFFDE53858} = {03CF05B4-1C40-4654-96BF-E4E597C848FA}
		{18B42A95-FE39-4FFC-9CCE-37F714FAD6DF} = {03CF05B4-1C40-4654-96BF-E4E597C848FA}
		{A061930A-D2EF-4C05-8417-49BF32BD6A6A} = {03CF05B4-1C40-4654-96BF-E4E597C848FA}
		{77FE21B9-9F21-4524-AF9E-5BAFB12C799D} = {03CF05B4-1C40-4654-96BF-E4E597C848FA}
		{CD915FA7-213F-40A6-8482-A6ED6CD3375D} = {03CF05B4-1C40-4654-96BF-E4E597C848FA}
		{569E4786-2B86-44A1-88AD-7B620F45FD75} = {03CF05B4-1C40-4654-96BF-E4E597C848FA}
		{88E0632D-9AEB-422E-9BAB-D68525951D0A} = {03CF05B4-1C40-4654-96BF-E4E597C848FA}
		{782AFD5E-50AF-43FA-9C68-8A8355EA8FEA} = {03CF05B4-1C40-4654-96BF-E4E597C848FA}
	EndGlobalSection
EndGlobal
