
Microsoft Visual Studio Solution File, Format Version 12.00
#
Project("{FAE04EC0-301F-11D3-BF4B-00C04F79EFBC}") = "Fedinaut", "Fedinaut\Fedinaut.csproj", "{5A28ECD7-5431-4019-8CF0-1627A2BFEF3B}"
EndProject
Project("{2150E333-8FDC-42A3-9474-1A3956D46DE8}") = "gir.core", "gir.core", "{03CF05B4-1C40-4654-96BF-E4E597C848FA}"
EndProject
Project("{FAE04EC0-301F-11D3-BF4B-00C04F79EFBC}") = "Gtk-4.0", "ext\gir.core\src\Libs\Gtk-4.0\Gtk-4.0.csproj", "{F06D01D4-11FD-4FA6-8319-1BF45FE6124C}"
EndProject
Project("{FAE04EC0-301F-11D3-BF4B-00C04F79EFBC}") = "Gio-2.0", "ext\gir.core\src\Libs\Gio-2.0\Gio-2.0.csproj", "{F552CB07-D7E7-461E-AC40-840F7E0DCF65}"
EndProject
Project("{FAE04EC0-301F-11D3-BF4B-00C04F79EFBC}") = "GObject-2.0", "ext\gir.core\src\Libs\GObject-2.0\GObject-2.0.csproj", "{99208EC0-B1B0-41A7-B17E-F3C8642A2EA1}"
EndProject
Global
	GlobalSection(SolutionConfigurationPlatforms) = preSolution
		Debug|Any CPU = Debug|Any CPU
		Release|Any CPU = Release|Any CPU
	EndGlobalSection
	GlobalSection(ProjectConfigurationPlatforms) = postSolution
		{5A28ECD7-5431-4019-8CF0-1627A2BFEF3B}.Debug|Any CPU.ActiveCfg = Debug|Any CPU
		{5A28ECD7-5431-4019-8CF0-1627A2BFEF3B}.Debug|Any CPU.Build.0 = Debug|Any CPU
		{5A28ECD7-5431-4019-8CF0-1627A2BFEF3B}.Release|Any CPU.ActiveCfg = Release|Any CPU
		{5A28ECD7-5431-4019-8CF0-1627A2BFEF3B}.Release|Any CPU.Build.0 = Release|Any CPU
		{F06D01D4-11FD-4FA6-8319-1BF45FE6124C}.Debug|Any CPU.ActiveCfg = Debug|Any CPU
		{F06D01D4-11FD-4FA6-8319-1BF45FE6124C}.Debug|Any CPU.Build.0 = Debug|Any CPU
		{F06D01D4-11FD-4FA6-8319-1BF45FE6124C}.Release|Any CPU.ActiveCfg = Release|Any CPU
		{F06D01D4-11FD-4FA6-8319-1BF45FE6124C}.Release|Any CPU.Build.0 = Release|Any CPU
		{F552CB07-D7E7-461E-AC40-840F7E0DCF65}.Debug|Any CPU.ActiveCfg = Debug|Any CPU
		{F552CB07-D7E7-461E-AC40-840F7E0DCF65}.Debug|Any CPU.Build.0 = Debug|Any CPU
		{F552CB07-D7E7-461E-AC40-840F7E0DCF65}.Release|Any CPU.ActiveCfg = Release|Any CPU
		{F552CB07-D7E7-461E-AC40-840F7E0DCF65}.Release|Any CPU.Build.0 = Release|Any CPU
		{99208EC0-B1B0-41A7-B17E-F3C8642A2EA1}.Debug|Any CPU.ActiveCfg = Debug|Any CPU
		{99208EC0-B1B0-41A7-B17E-F3C8642A2EA1}.Debug|Any CPU.Build.0 = Debug|Any CPU
		{99208EC0-B1B0-41A7-B17E-F3C8642A2EA1}.Release|Any CPU.ActiveCfg = Release|Any CPU
		{99208EC0-B1B0-41A7-B17E-F3C8642A2EA1}.Release|Any CPU.Build.0 = Release|Any CPU
	EndGlobalSection
	GlobalSection(NestedProjects) = preSolution
		{F06D01D4-11FD-4FA6-8319-1BF45FE6124C} = {03CF05B4-1C40-4654-96BF-E4E597C848FA}
		{F552CB07-D7E7-461E-AC40-840F7E0DCF65} = {03CF05B4-1C40-4654-96BF-E4E597C848FA}
		{99208EC0-B1B0-41A7-B17E-F3C8642A2EA1} = {03CF05B4-1C40-4654-96BF-E4E597C848FA}
	EndGlobalSection
EndGlobal
