
Microsoft Visual Studio Solution File, Format Version 12.00
# 
Project("{FAE04EC0-301F-11D3-BF4B-00C04F79EFBC}") = "fedinaut", "fedinaut\fedinaut.csproj", "{5A28ECD7-5431-4019-8CF0-1627A2BFEF3B}"
EndProject
Project("{2150E333-8FDC-42A3-9474-1A3956D46DE8}") = "gir.core", "gir.core", "{E68255D4-9A37-4CE6-ADFB-7AED956B88FC}"
EndProject
Project("{2150E333-8FDC-42A3-9474-1A3956D46DE8}") = "src", "src", "{44AAFDB2-604B-4FCD-B155-6AC63EC4D8EC}"
EndProject
Project("{2150E333-8FDC-42A3-9474-1A3956D46DE8}") = "Libs", "Libs", "{CF2417C8-6E03-479C-BBAA-3DA65879E622}"
EndProject
Project("{FAE04EC0-301F-11D3-BF4B-00C04F79EFBC}") = "Gtk-4.0", "gir.core\src\Libs\Gtk-4.0\Gtk-4.0.csproj", "{BD1DEBD0-43AB-46FC-9F90-EC95946A4294}"
EndProject
Global
	GlobalSection(SolutionConfigurationPlatforms) = preSolution
		Debug|Any CPU = Debug|Any CPU
		Release|Any CPU = Release|Any CPU
	EndGlobalSection
	GlobalSection(ProjectConfigurationPlatforms) = postSolution
		{5A28ECD7-5431-4019-8CF0-1627A2BFEF3B}.Debug|Any CPU.ActiveCfg = Debug|Any CPU
		{5A28ECD7-5431-4019-8CF0-1627A2BFEF3B}.Debug|Any CPU.Build.0 = Debug|Any CPU
		{5A28ECD7-5431-4019-8CF0-1627A2BFEF3B}.Release|Any CPU.ActiveCfg = Release|Any CPU
		{5A28ECD7-5431-4019-8CF0-1627A2BFEF3B}.Release|Any CPU.Build.0 = Release|Any CPU
		{BD1DEBD0-43AB-46FC-9F90-EC95946A4294}.Debug|Any CPU.ActiveCfg = Debug|Any CPU
		{BD1DEBD0-43AB-46FC-9F90-EC95946A4294}.Debug|Any CPU.Build.0 = Debug|Any CPU
		{BD1DEBD0-43AB-46FC-9F90-EC95946A4294}.Release|Any CPU.ActiveCfg = Release|Any CPU
		{BD1DEBD0-43AB-46FC-9F90-EC95946A4294}.Release|Any CPU.Build.0 = Release|Any CPU
	EndGlobalSection
	GlobalSection(NestedProjects) = preSolution
		{44AAFDB2-604B-4FCD-B155-6AC63EC4D8EC} = {E68255D4-9A37-4CE6-ADFB-7AED956B88FC}
		{CF2417C8-6E03-479C-BBAA-3DA65879E622} = {44AAFDB2-604B-4FCD-B155-6AC63EC4D8EC}
		{BD1DEBD0-43AB-46FC-9F90-EC95946A4294} = {CF2417C8-6E03-479C-BBAA-3DA65879E622}
	EndGlobalSection
EndGlobal
